// !$*UTF8*$!
{
	archiveVersion = 1;
	classes = {
	};
	objectVersion = 50;
	objects = {

/* Begin PBXBuildFile section */
		9E284A84215BF9F200100249 /* AppDelegate.swift in Sources */ = {isa = PBXBuildFile; fileRef = 9E284A83215BF9F200100249 /* AppDelegate.swift */; };
		9E284A86215BF9F200100249 /* ViewController.swift in Sources */ = {isa = PBXBuildFile; fileRef = 9E284A85215BF9F200100249 /* ViewController.swift */; };
		9E284A89215BF9F200100249 /* Main.storyboard in Resources */ = {isa = PBXBuildFile; fileRef = 9E284A87215BF9F200100249 /* Main.storyboard */; };
		9E284A8B215BF9F300100249 /* Assets.xcassets in Resources */ = {isa = PBXBuildFile; fileRef = 9E284A8A215BF9F300100249 /* Assets.xcassets */; };
		9E284A8E215BF9F300100249 /* LaunchScreen.storyboard in Resources */ = {isa = PBXBuildFile; fileRef = 9E284A8C215BF9F300100249 /* LaunchScreen.storyboard */; };
		9E46A4A2215CA75600D5C9B2 /* world_cup_playoff_tree.json in Resources */ = {isa = PBXBuildFile; fileRef = 9E46A4A1215CA75600D5C9B2 /* world_cup_playoff_tree.json */; };
		9E46A4AD216008B700D5C9B2 /* PlayoffTreeBuilder.swift in Sources */ = {isa = PBXBuildFile; fileRef = 9E46A4AC216008B700D5C9B2 /* PlayoffTreeBuilder.swift */; };
		9E46A4B121600A9400D5C9B2 /* MatchDetails.swift in Sources */ = {isa = PBXBuildFile; fileRef = 9E46A4B021600A9400D5C9B2 /* MatchDetails.swift */; };
		9EFB01732161634B00CD79BB /* playOffCollectionCell.swift in Sources */ = {isa = PBXBuildFile; fileRef = 9EFB01722161634B00CD79BB /* playOffCollectionCell.swift */; };
/* End PBXBuildFile section */

/* Begin PBXFileReference section */
		9E284A80215BF9F200100249 /* PlayoffTree.app */ = {isa = PBXFileReference; explicitFileType = wrapper.application; includeInIndex = 0; path = PlayoffTree.app; sourceTree = BUILT_PRODUCTS_DIR; };
		9E284A83215BF9F200100249 /* AppDelegate.swift */ = {isa = PBXFileReference; lastKnownFileType = sourcecode.swift; path = AppDelegate.swift; sourceTree = "<group>"; };
		9E284A85215BF9F200100249 /* ViewController.swift */ = {isa = PBXFileReference; lastKnownFileType = sourcecode.swift; path = ViewController.swift; sourceTree = "<group>"; };
		9E284A88215BF9F200100249 /* Base */ = {isa = PBXFileReference; lastKnownFileType = file.storyboard; name = Base; path = Base.lproj/Main.storyboard; sourceTree = "<group>"; };
		9E284A8A215BF9F300100249 /* Assets.xcassets */ = {isa = PBXFileReference; lastKnownFileType = folder.assetcatalog; path = Assets.xcassets; sourceTree = "<group>"; };
		9E284A8D215BF9F300100249 /* Base */ = {isa = PBXFileReference; lastKnownFileType = file.storyboard; name = Base; path = Base.lproj/LaunchScreen.storyboard; sourceTree = "<group>"; };
		9E284A8F215BF9F300100249 /* Info.plist */ = {isa = PBXFileReference; lastKnownFileType = text.plist.xml; path = Info.plist; sourceTree = "<group>"; };
		9E46A4A1215CA75600D5C9B2 /* world_cup_playoff_tree.json */ = {isa = PBXFileReference; fileEncoding = 4; lastKnownFileType = text.json; path = world_cup_playoff_tree.json; sourceTree = "<group>"; };
		9E46A4AC216008B700D5C9B2 /* PlayoffTreeBuilder.swift */ = {isa = PBXFileReference; lastKnownFileType = sourcecode.swift; path = PlayoffTreeBuilder.swift; sourceTree = "<group>"; };
		9E46A4B021600A9400D5C9B2 /* MatchDetails.swift */ = {isa = PBXFileReference; lastKnownFileType = sourcecode.swift; path = MatchDetails.swift; sourceTree = "<group>"; };
		9EFB01722161634B00CD79BB /* playOffCollectionCell.swift */ = {isa = PBXFileReference; lastKnownFileType = sourcecode.swift; path = playOffCollectionCell.swift; sourceTree = "<group>"; };
/* End PBXFileReference section */

/* Begin PBXFrameworksBuildPhase section */
		9E284A7D215BF9F200100249 /* Frameworks */ = {
			isa = PBXFrameworksBuildPhase;
			buildActionMask = 2147483647;
			files = (
			);
			runOnlyForDeploymentPostprocessing = 0;
		};
/* End PBXFrameworksBuildPhase section */

/* Begin PBXGroup section */
		9E284A77215BF9F200100249 = {
			isa = PBXGroup;
			children = (
				9E284A82215BF9F200100249 /* PlayoffTree */,
				9E284A81215BF9F200100249 /* Products */,
			);
			sourceTree = "<group>";
		};
		9E284A81215BF9F200100249 /* Products */ = {
			isa = PBXGroup;
			children = (
				9E284A80215BF9F200100249 /* PlayoffTree.app */,
			);
			name = Products;
			sourceTree = "<group>";
		};
		9E284A82215BF9F200100249 /* PlayoffTree */ = {
			isa = PBXGroup;
			children = (
				9E46A4AF216008F700D5C9B2 /* Resources */,
				9E284A85215BF9F200100249 /* ViewController.swift */,
				9E284A87215BF9F200100249 /* Main.storyboard */,
				9E46A4AC216008B700D5C9B2 /* PlayoffTreeBuilder.swift */,
				9E46A4B021600A9400D5C9B2 /* MatchDetails.swift */,
				9EFB01722161634B00CD79BB /* playOffCollectionCell.swift */,
			);
			path = PlayoffTree;
			sourceTree = "<group>";
		};
		9E46A4AF216008F700D5C9B2 /* Resources */ = {
			isa = PBXGroup;
			children = (
				9E284A83215BF9F200100249 /* AppDelegate.swift */,
				9E46A4A1215CA75600D5C9B2 /* world_cup_playoff_tree.json */,
				9E284A8F215BF9F300100249 /* Info.plist */,
				9E284A8A215BF9F300100249 /* Assets.xcassets */,
				9E284A8C215BF9F300100249 /* LaunchScreen.storyboard */,
			);
			name = Resources;
			sourceTree = "<group>";
		};
/* End PBXGroup section */

/* Begin PBXNativeTarget section */
		9E284A7F215BF9F200100249 /* PlayoffTree */ = {
			isa = PBXNativeTarget;
			buildConfigurationList = 9E284A92215BF9F300100249 /* Build configuration list for PBXNativeTarget "PlayoffTree" */;
			buildPhases = (
				9E284A7C215BF9F200100249 /* Sources */,
				9E284A7D215BF9F200100249 /* Frameworks */,
				9E284A7E215BF9F200100249 /* Resources */,
			);
			buildRules = (
			);
			dependencies = (
			);
			name = PlayoffTree;
			productName = PlayoffTree;
			productReference = 9E284A80215BF9F200100249 /* PlayoffTree.app */;
			productType = "com.apple.product-type.application";
		};
/* End PBXNativeTarget section */

/* Begin PBXProject section */
		9E284A78215BF9F200100249 /* Project object */ = {
			isa = PBXProject;
			attributes = {
				LastSwiftUpdateCheck = 1000;
				LastUpgradeCheck = 1000;
				ORGANIZATIONNAME = "Siddhant Jain";
				TargetAttributes = {
					9E284A7F215BF9F200100249 = {
						CreatedOnToolsVersion = 10.0;
					};
				};
			};
			buildConfigurationList = 9E284A7B215BF9F200100249 /* Build configuration list for PBXProject "PlayoffTree" */;
			compatibilityVersion = "Xcode 9.3";
			developmentRegion = en;
			hasScannedForEncodings = 0;
			knownRegions = (
				en,
				Base,
			);
			mainGroup = 9E284A77215BF9F200100249;
			productRefGroup = 9E284A81215BF9F200100249 /* Products */;
			projectDirPath = "";
			projectRoot = "";
			targets = (
				9E284A7F215BF9F200100249 /* PlayoffTree */,
			);
		};
/* End PBXProject section */

/* Begin PBXResourcesBuildPhase section */
		9E284A7E215BF9F200100249 /* Resources */ = {
			isa = PBXResourcesBuildPhase;
			buildActionMask = 2147483647;
			files = (
				9E284A8E215BF9F300100249 /* LaunchScreen.storyboard in Resources */,
				9E46A4A2215CA75600D5C9B2 /* world_cup_playoff_tree.json in Resources */,
				9E284A8B215BF9F300100249 /* Assets.xcassets in Resources */,
				9E284A89215BF9F200100249 /* Main.storyboard in Resources */,
			);
			runOnlyForDeploymentPostprocessing = 0;
		};
/* End PBXResourcesBuildPhase section */

/* Begin PBXSourcesBuildPhase section */
		9E284A7C215BF9F200100249 /* Sources */ = {
			isa = PBXSourcesBuildPhase;
			buildActionMask = 2147483647;
			files = (
				9E46A4B121600A9400D5C9B2 /* MatchDetails.swift in Sources */,
				9EFB01732161634B00CD79BB /* playOffCollectionCell.swift in Sources */,
				9E284A86215BF9F200100249 /* ViewController.swift in Sources */,
				9E284A84215BF9F200100249 /* AppDelegate.swift in Sources */,
				9E46A4AD216008B700D5C9B2 /* PlayoffTreeBuilder.swift in Sources */,
			);
			runOnlyForDeploymentPostprocessing = 0;
		};
/* End PBXSourcesBuildPhase section */

/* Begin PBXVariantGroup section */
		9E284A87215BF9F200100249 /* Main.storyboard */ = {
			isa = PBXVariantGroup;
			children = (
				9E284A88215BF9F200100249 /* Base */,
			);
			name = Main.storyboard;
			sourceTree = "<group>";
		};
		9E284A8C215BF9F300100249 /* LaunchScreen.storyboard */ = {
			isa = PBXVariantGroup;
			children = (
				9E284A8D215BF9F300100249 /* Base */,
			);
			name = LaunchScreen.storyboard;
			sourceTree = "<group>";
		};
/* End PBXVariantGroup section */

/* Begin XCBuildConfiguration section */
		9E284A90215BF9F300100249 /* Debug */ = {
			isa = XCBuildConfiguration;
			buildSettings = {
				ALWAYS_SEARCH_USER_PATHS = NO;
				CLANG_ANALYZER_NONNULL = YES;
				CLANG_ANALYZER_NUMBER_OBJECT_CONVERSION = YES_AGGRESSIVE;
				CLANG_CXX_LANGUAGE_STANDARD = "gnu++14";
				CLANG_CXX_LIBRARY = "libc++";
				CLANG_ENABLE_MODULES = YES;
				CLANG_ENABLE_OBJC_ARC = YES;
				CLANG_ENABLE_OBJC_WEAK = YES;
				CLANG_WARN_BLOCK_CAPTURE_AUTORELEASING = YES;
				CLANG_WARN_BOOL_CONVERSION = YES;
				CLANG_WARN_COMMA = YES;
				CLANG_WARN_CONSTANT_CONVERSION = YES;
				CLANG_WARN_DEPRECATED_OBJC_IMPLEMENTATIONS = YES;
				CLANG_WARN_DIRECT_OBJC_ISA_USAGE = YES_ERROR;
				CLANG_WARN_DOCUMENTATION_COMMENTS = YES;
				CLANG_WARN_EMPTY_BODY = YES;
				CLANG_WARN_ENUM_CONVERSION = YES;
				CLANG_WARN_INFINITE_RECURSION = YES;
				CLANG_WARN_INT_CONVERSION = YES;
				CLANG_WARN_NON_LITERAL_NULL_CONVERSION = YES;
				CLANG_WARN_OBJC_IMPLICIT_RETAIN_SELF = YES;
				CLANG_WARN_OBJC_LITERAL_CONVERSION = YES;
				CLANG_WARN_OBJC_ROOT_CLASS = YES_ERROR;
				CLANG_WARN_RANGE_LOOP_ANALYSIS = YES;
				CLANG_WARN_STRICT_PROTOTYPES = YES;
				CLANG_WARN_SUSPICIOUS_MOVE = YES;
				CLANG_WARN_UNGUARDED_AVAILABILITY = YES_AGGRESSIVE;
				CLANG_WARN_UNREACHABLE_CODE = YES;
				CLANG_WARN__DUPLICATE_METHOD_MATCH = YES;
				CODE_SIGN_IDENTITY = "iPhone Developer";
				COPY_PHASE_STRIP = NO;
				DEBUG_INFORMATION_FORMAT = dwarf;
				ENABLE_STRICT_OBJC_MSGSEND = YES;
				ENABLE_TESTABILITY = YES;
				GCC_C_LANGUAGE_STANDARD = gnu11;
				GCC_DYNAMIC_NO_PIC = NO;
				GCC_NO_COMMON_BLOCKS = YES;
				GCC_OPTIMIZATION_LEVEL = 0;
				GCC_PREPROCESSOR_DEFINITIONS = (
					"DEBUG=1",
					"$(inherited)",
				);
				GCC_WARN_64_TO_32_BIT_CONVERSION = YES;
				GCC_WARN_ABOUT_RETURN_TYPE = YES_ERROR;
				GCC_WARN_UNDECLARED_SELECTOR = YES;
				GCC_WARN_UNINITIALIZED_AUTOS = YES_AGGRESSIVE;
				GCC_WARN_UNUSED_FUNCTION = YES;
				GCC_WARN_UNUSED_VARIABLE = YES;
				IPHONEOS_DEPLOYMENT_TARGET = 12.0;
				MTL_ENABLE_DEBUG_INFO = INCLUDE_SOURCE;
				MTL_FAST_MATH = YES;
				ONLY_ACTIVE_ARCH = YES;
				SDKROOT = iphoneos;
				SWIFT_ACTIVE_COMPILATION_CONDITIONS = DEBUG;
				SWIFT_OPTIMIZATION_LEVEL = "-Onone";
			};
			name = Debug;
		};
		9E284A91215BF9F300100249 /* Release */ = {
			isa = XCBuildConfiguration;
			buildSettings = {
				ALWAYS_SEARCH_USER_PATHS = NO;
				CLANG_ANALYZER_NONNULL = YES;
				CLANG_ANALYZER_NUMBER_OBJECT_CONVERSION = YES_AGGRESSIVE;
				CLANG_CXX_LANGUAGE_STANDARD = "gnu++14";
				CLANG_CXX_LIBRARY = "libc++";
				CLANG_ENABLE_MODULES = YES;
				CLANG_ENABLE_OBJC_ARC = YES;
				CLANG_ENABLE_OBJC_WEAK = YES;
				CLANG_WARN_BLOCK_CAPTURE_AUTORELEASING = YES;
				CLANG_WARN_BOOL_CONVERSION = YES;
				CLANG_WARN_COMMA = YES;
				CLANG_WARN_CONSTANT_CONVERSION = YES;
				CLANG_WARN_DEPRECATED_OBJC_IMPLEMENTATIONS = YES;
				CLANG_WARN_DIRECT_OBJC_ISA_USAGE = YES_ERROR;
				CLANG_WARN_DOCUMENTATION_COMMENTS = YES;
				CLANG_WARN_EMPTY_BODY = YES;
				CLANG_WARN_ENUM_CONVERSION = YES;
				CLANG_WARN_INFINITE_RECURSION = YES;
				CLANG_WARN_INT_CONVERSION = YES;
				CLANG_WARN_NON_LITERAL_NULL_CONVERSION = YES;
				CLANG_WARN_OBJC_IMPLICIT_RETAIN_SELF = YES;
				CLANG_WARN_OBJC_LITERAL_CONVERSION = YES;
				CLANG_WARN_OBJC_ROOT_CLASS = YES_ERROR;
				CLANG_WARN_RANGE_LOOP_ANALYSIS = YES;
				CLANG_WARN_STRICT_PROTOTYPES = YES;
				CLANG_WARN_SUSPICIOUS_MOVE = YES;
				CLANG_WARN_UNGUARDED_AVAILABILITY = YES_AGGRESSIVE;
				CLANG_WARN_UNREACHABLE_CODE = YES;
				CLANG_WARN__DUPLICATE_METHOD_MATCH = YES;
				CODE_SIGN_IDENTITY = "iPhone Developer";
				COPY_PHASE_STRIP = NO;
				DEBUG_INFORMATION_FORMAT = "dwarf-with-dsym";
				ENABLE_NS_ASSERTIONS = NO;
				ENABLE_STRICT_OBJC_MSGSEND = YES;
				GCC_C_LANGUAGE_STANDARD = gnu11;
				GCC_NO_COMMON_BLOCKS = YES;
				GCC_WARN_64_TO_32_BIT_CONVERSION = YES;
				GCC_WARN_ABOUT_RETURN_TYPE = YES_ERROR;
				GCC_WARN_UNDECLARED_SELECTOR = YES;
				GCC_WARN_UNINITIALIZED_AUTOS = YES_AGGRESSIVE;
				GCC_WARN_UNUSED_FUNCTION = YES;
				GCC_WARN_UNUSED_VARIABLE = YES;
				IPHONEOS_DEPLOYMENT_TARGET = 12.0;
				MTL_ENABLE_DEBUG_INFO = NO;
				MTL_FAST_MATH = YES;
				SDKROOT = iphoneos;
				SWIFT_COMPILATION_MODE = wholemodule;
				SWIFT_OPTIMIZATION_LEVEL = "-O";
				VALIDATE_PRODUCT = YES;
			};
			name = Release;
		};
		9E284A93215BF9F300100249 /* Debug */ = {
			isa = XCBuildConfiguration;
			buildSettings = {
				ASSETCATALOG_COMPILER_APPICON_NAME = AppIcon;
				CODE_SIGN_STYLE = Automatic;
				DEVELOPMENT_TEAM = 8DD6DQBQR7;
				INFOPLIST_FILE = PlayoffTree/Info.plist;
				LD_RUNPATH_SEARCH_PATHS = (
					"$(inherited)",
					"@executable_path/Frameworks",
				);
				PRODUCT_BUNDLE_IDENTIFIER = Siddhant.PlayoffTree;
				PRODUCT_NAME = "$(TARGET_NAME)";
				SWIFT_VERSION = 4.2;
				TARGETED_DEVICE_FAMILY = "1,2";
			};
			name = Debug;
		};
		9E284A94215BF9F300100249 /* Release */ = {
			isa = XCBuildConfiguration;
			buildSettings = {
				ASSETCATALOG_COMPILER_APPICON_NAME = AppIcon;
				CODE_SIGN_STYLE = Automatic;
				DEVELOPMENT_TEAM = 8DD6DQBQR7;
				INFOPLIST_FILE = PlayoffTree/Info.plist;
				LD_RUNPATH_SEARCH_PATHS = (
					"$(inherited)",
					"@executable_path/Frameworks",
				);
				PRODUCT_BUNDLE_IDENTIFIER = Siddhant.PlayoffTree;
				PRODUCT_NAME = "$(TARGET_NAME)";
				SWIFT_VERSION = 4.2;
				TARGETED_DEVICE_FAMILY = "1,2";
			};
			name = Release;
		};
/* End XCBuildConfiguration section */

/* Begin XCConfigurationList section */
		9E284A7B215BF9F200100249 /* Build configuration list for PBXProject "PlayoffTree" */ = {
			isa = XCConfigurationList;
			buildConfigurations = (
				9E284A90215BF9F300100249 /* Debug */,
				9E284A91215BF9F300100249 /* Release */,
			);
			defaultConfigurationIsVisible = 0;
			defaultConfigurationName = Release;
		};
		9E284A92215BF9F300100249 /* Build configuration list for PBXNativeTarget "PlayoffTree" */ = {
			isa = XCConfigurationList;
			buildConfigurations = (
				9E284A93215BF9F300100249 /* Debug */,
				9E284A94215BF9F300100249 /* Release */,
			);
			defaultConfigurationIsVisible = 0;
			defaultConfigurationName = Release;
		};
/* End XCConfigurationList section */
	};
	rootObject = 9E284A78215BF9F200100249 /* Project object */;
}
